
Microsoft Visual Studio Solution File, Format Version 12.00
# Visual Studio 15
VisualStudioVersion = 15.0.26730.16
MinimumVisualStudioVersion = 10.0.40219.1
Project("{9A19103F-16F7-4668-BE54-9A1E7A4F7556}") = "LuckyStarry.Models", "LuckyStarry.Models\LuckyStarry.Models.csproj", "{CE8EE7F3-A72A-474C-8E21-FFE513BE8061}"
EndProject
Project("{9A19103F-16F7-4668-BE54-9A1E7A4F7556}") = "LuckyStarry.Data", "LuckyStarry.Data\LuckyStarry.Data.csproj", "{10E7721E-BA69-485E-B94C-46CC59E9B17B}"
EndProject
Project("{9A19103F-16F7-4668-BE54-9A1E7A4F7556}") = "LuckyStarry.Services", "LuckyStarry.Services\LuckyStarry.Services.csproj", "{4B87D888-3B2F-4C8B-8768-EE67626739B3}"
EndProject
Project("{9A19103F-16F7-4668-BE54-9A1E7A4F7556}") = "LuckyStarry.Data.MySQL", "LuckyStarry.Data.MySQL\LuckyStarry.Data.MySQL.csproj", "{8BAB0902-7E07-46D4-ADE7-D21958CD1AB0}"
EndProject
Project("{9A19103F-16F7-4668-BE54-9A1E7A4F7556}") = "LuckyStarry.Data.MySQL.Tests", "LuckyStarry.Data.MySQL.Tests\LuckyStarry.Data.MySQL.Tests.csproj", "{3842C436-7B65-42A7-BB1E-6930E0912272}"
EndProject
Project("{9A19103F-16F7-4668-BE54-9A1E7A4F7556}") = "LuckyStarry.Utils", "LuckyStarry.Utils\LuckyStarry.Utils.csproj", "{E04787BA-3FFE-4D73-ABAA-DFFF8B521BDE}"
EndProject
Project("{9A19103F-16F7-4668-BE54-9A1E7A4F7556}") = "LuckyStarry.Utils.Tests", "LuckyStarry.Utils.Tests\LuckyStarry.Utils.Tests.csproj", "{95D976F5-B379-4027-AE66-0890BF1DB3BA}"
EndProject
Project("{FAE04EC0-301F-11D3-BF4B-00C04F79EFBC}") = "LuckyStarry.App.Utils", "LuckyStarry.App.Utils\LuckyStarry.App.Utils.csproj", "{2C9F84C2-8BC6-4087-9651-54E0F5CCA63F}"
EndProject
Project("{FAE04EC0-301F-11D3-BF4B-00C04F79EFBC}") = "LuckyStarry.App.Utils.Logger", "LuckyStarry.App.Utils.Logger\LuckyStarry.App.Utils.Logger.csproj", "{648A2E3E-2C2B-459B-B8AD-D9DD2C6D9FBE}"
EndProject
Project("{FAE04EC0-301F-11D3-BF4B-00C04F79EFBC}") = "LuckyStarry.App.Utils.Logger.Aliyun", "LuckyStarry.App.Utils.Logger.Aliyun\LuckyStarry.App.Utils.Logger.Aliyun.csproj", "{440357B2-9129-476F-B353-36B624666B36}"
EndProject
Project("{FAE04EC0-301F-11D3-BF4B-00C04F79EFBC}") = "LuckyStarry.App", "LuckyStarry.App\LuckyStarry.App.csproj", "{4FA3AF4B-1D7F-4884-B09A-6FC04518EBE3}"
EndProject
Global
	GlobalSection(SolutionConfigurationPlatforms) = preSolution
		Debug|Any CPU = Debug|Any CPU
		Release|Any CPU = Release|Any CPU
	EndGlobalSection
	GlobalSection(ProjectConfigurationPlatforms) = postSolution
		{CE8EE7F3-A72A-474C-8E21-FFE513BE8061}.Debug|Any CPU.ActiveCfg = Debug|Any CPU
		{CE8EE7F3-A72A-474C-8E21-FFE513BE8061}.Debug|Any CPU.Build.0 = Debug|Any CPU
		{CE8EE7F3-A72A-474C-8E21-FFE513BE8061}.Release|Any CPU.ActiveCfg = Release|Any CPU
		{CE8EE7F3-A72A-474C-8E21-FFE513BE8061}.Release|Any CPU.Build.0 = Release|Any CPU
		{10E7721E-BA69-485E-B94C-46CC59E9B17B}.Debug|Any CPU.ActiveCfg = Debug|Any CPU
		{10E7721E-BA69-485E-B94C-46CC59E9B17B}.Debug|Any CPU.Build.0 = Debug|Any CPU
		{10E7721E-BA69-485E-B94C-46CC59E9B17B}.Release|Any CPU.ActiveCfg = Release|Any CPU
		{10E7721E-BA69-485E-B94C-46CC59E9B17B}.Release|Any CPU.Build.0 = Release|Any CPU
		{4B87D888-3B2F-4C8B-8768-EE67626739B3}.Debug|Any CPU.ActiveCfg = Debug|Any CPU
		{4B87D888-3B2F-4C8B-8768-EE67626739B3}.Debug|Any CPU.Build.0 = Debug|Any CPU
		{4B87D888-3B2F-4C8B-8768-EE67626739B3}.Release|Any CPU.ActiveCfg = Release|Any CPU
		{4B87D888-3B2F-4C8B-8768-EE67626739B3}.Release|Any CPU.Build.0 = Release|Any CPU
		{8BAB0902-7E07-46D4-ADE7-D21958CD1AB0}.Debug|Any CPU.ActiveCfg = Debug|Any CPU
		{8BAB0902-7E07-46D4-ADE7-D21958CD1AB0}.Debug|Any CPU.Build.0 = Debug|Any CPU
		{8BAB0902-7E07-46D4-ADE7-D21958CD1AB0}.Release|Any CPU.ActiveCfg = Release|Any CPU
		{8BAB0902-7E07-46D4-ADE7-D21958CD1AB0}.Release|Any CPU.Build.0 = Release|Any CPU
		{3842C436-7B65-42A7-BB1E-6930E0912272}.Debug|Any CPU.ActiveCfg = Debug|Any CPU
		{3842C436-7B65-42A7-BB1E-6930E0912272}.Debug|Any CPU.Build.0 = Debug|Any CPU
		{3842C436-7B65-42A7-BB1E-6930E0912272}.Release|Any CPU.ActiveCfg = Release|Any CPU
		{3842C436-7B65-42A7-BB1E-6930E0912272}.Release|Any CPU.Build.0 = Release|Any CPU
		{E04787BA-3FFE-4D73-ABAA-DFFF8B521BDE}.Debug|Any CPU.ActiveCfg = Debug|Any CPU
		{E04787BA-3FFE-4D73-ABAA-DFFF8B521BDE}.Debug|Any CPU.Build.0 = Debug|Any CPU
		{E04787BA-3FFE-4D73-ABAA-DFFF8B521BDE}.Release|Any CPU.ActiveCfg = Release|Any CPU
		{E04787BA-3FFE-4D73-ABAA-DFFF8B521BDE}.Release|Any CPU.Build.0 = Release|Any CPU
		{95D976F5-B379-4027-AE66-0890BF1DB3BA}.Debug|Any CPU.ActiveCfg = Debug|Any CPU
		{95D976F5-B379-4027-AE66-0890BF1DB3BA}.Debug|Any CPU.Build.0 = Debug|Any CPU
		{95D976F5-B379-4027-AE66-0890BF1DB3BA}.Release|Any CPU.ActiveCfg = Release|Any CPU
		{95D976F5-B379-4027-AE66-0890BF1DB3BA}.Release|Any CPU.Build.0 = Release|Any CPU
		{2C9F84C2-8BC6-4087-9651-54E0F5CCA63F}.Debug|Any CPU.ActiveCfg = Debug|Any CPU
		{2C9F84C2-8BC6-4087-9651-54E0F5CCA63F}.Debug|Any CPU.Build.0 = Debug|Any CPU
		{2C9F84C2-8BC6-4087-9651-54E0F5CCA63F}.Release|Any CPU.ActiveCfg = Release|Any CPU
		{2C9F84C2-8BC6-4087-9651-54E0F5CCA63F}.Release|Any CPU.Build.0 = Release|Any CPU
		{648A2E3E-2C2B-459B-B8AD-D9DD2C6D9FBE}.Debug|Any CPU.ActiveCfg = Debug|Any CPU
		{648A2E3E-2C2B-459B-B8AD-D9DD2C6D9FBE}.Debug|Any CPU.Build.0 = Debug|Any CPU
		{648A2E3E-2C2B-459B-B8AD-D9DD2C6D9FBE}.Release|Any CPU.ActiveCfg = Release|Any CPU
		{648A2E3E-2C2B-459B-B8AD-D9DD2C6D9FBE}.Release|Any CPU.Build.0 = Release|Any CPU
		{440357B2-9129-476F-B353-36B624666B36}.Debug|Any CPU.ActiveCfg = Debug|Any CPU
		{440357B2-9129-476F-B353-36B624666B36}.Debug|Any CPU.Build.0 = Debug|Any CPU
		{440357B2-9129-476F-B353-36B624666B36}.Release|Any CPU.ActiveCfg = Release|Any CPU
		{440357B2-9129-476F-B353-36B624666B36}.Release|Any CPU.Build.0 = Release|Any CPU
		{4FA3AF4B-1D7F-4884-B09A-6FC04518EBE3}.Debug|Any CPU.ActiveCfg = Debug|Any CPU
		{4FA3AF4B-1D7F-4884-B09A-6FC04518EBE3}.Debug|Any CPU.Build.0 = Debug|Any CPU
		{4FA3AF4B-1D7F-4884-B09A-6FC04518EBE3}.Release|Any CPU.ActiveCfg = Release|Any CPU
		{4FA3AF4B-1D7F-4884-B09A-6FC04518EBE3}.Release|Any CPU.Build.0 = Release|Any CPU
	EndGlobalSection
	GlobalSection(SolutionProperties) = preSolution
		HideSolutionNode = FALSE
	EndGlobalSection
	GlobalSection(ExtensibilityGlobals) = postSolution
		SolutionGuid = {E18248DD-F3ED-4DAB-8ECA-40D208D9292A}
	EndGlobalSection
EndGlobal
